
Microsoft Visual Studio Solution File, Format Version 12.00
# Visual Studio Version 17
VisualStudioVersion = 17.12.35707.178
MinimumVisualStudioVersion = 10.0.40219.1
Project("{FAE04EC0-301F-11D3-BF4B-00C04F79EFBC}") = "RecipeManager.Api", "RecipeManager.Api\RecipeManager.Api.csproj", "{039B8DC3-127B-4F1E-9C0D-17C603E0230C}"
EndProject
Project("{FAE04EC0-301F-11D3-BF4B-00C04F79EFBC}") = "RecipeManager.Application", "RecipeManager.Application\RecipeManager.Application.csproj", "{7A9B5738-4BB4-4653-8B85-AFCDE99F3804}"
EndProject
Project("{FAE04EC0-301F-11D3-BF4B-00C04F79EFBC}") = "RecipeManager.Infrastructure", "RecipeManager.Infrastructure\RecipeManager.Infrastructure.csproj", "{E9205A6B-3703-4289-AB43-66BE8A40C6F5}"
EndProject
Project("{FAE04EC0-301F-11D3-BF4B-00C04F79EFBC}") = "RecipeManager.Domain", "RecipeManager.Domain\RecipeManager.Domain.csproj", "{57E24C71-E4B7-4A79-A4D8-53C312C91BAA}"
EndProject
Project("{FAE04EC0-301F-11D3-BF4B-00C04F79EFBC}") = "RecipeManager.UnitTests", "RecipeManager.UnitTests\RecipeManager.UnitTests.csproj", "{279D71E0-5483-41FF-9C8C-616A4E78C98B}"
EndProject
Project("{FAE04EC0-301F-11D3-BF4B-00C04F79EFBC}") = "RecipeManager.IntegrationTests", "RecipeManager.IntegrationTests\RecipeManager.IntegrationTests.csproj", "{7E038636-C1A0-44E0-9B33-C91AFAD7B4CE}"
EndProject
Global
	GlobalSection(SolutionConfigurationPlatforms) = preSolution
		Debug|Any CPU = Debug|Any CPU
		Release|Any CPU = Release|Any CPU
	EndGlobalSection
	GlobalSection(ProjectConfigurationPlatforms) = postSolution
		{039B8DC3-127B-4F1E-9C0D-17C603E0230C}.Debug|Any CPU.ActiveCfg = Debug|Any CPU
		{039B8DC3-127B-4F1E-9C0D-17C603E0230C}.Debug|Any CPU.Build.0 = Debug|Any CPU
		{039B8DC3-127B-4F1E-9C0D-17C603E0230C}.Release|Any CPU.ActiveCfg = Release|Any CPU
		{039B8DC3-127B-4F1E-9C0D-17C603E0230C}.Release|Any CPU.Build.0 = Release|Any CPU
		{7A9B5738-4BB4-4653-8B85-AFCDE99F3804}.Debug|Any CPU.ActiveCfg = Debug|Any CPU
		{7A9B5738-4BB4-4653-8B85-AFCDE99F3804}.Debug|Any CPU.Build.0 = Debug|Any CPU
		{7A9B5738-4BB4-4653-8B85-AFCDE99F3804}.Release|Any CPU.ActiveCfg = Release|Any CPU
		{7A9B5738-4BB4-4653-8B85-AFCDE99F3804}.Release|Any CPU.Build.0 = Release|Any CPU
		{E9205A6B-3703-4289-AB43-66BE8A40C6F5}.Debug|Any CPU.ActiveCfg = Debug|Any CPU
		{E9205A6B-3703-4289-AB43-66BE8A40C6F5}.Debug|Any CPU.Build.0 = Debug|Any CPU
		{E9205A6B-3703-4289-AB43-66BE8A40C6F5}.Release|Any CPU.ActiveCfg = Release|Any CPU
		{E9205A6B-3703-4289-AB43-66BE8A40C6F5}.Release|Any CPU.Build.0 = Release|Any CPU
		{57E24C71-E4B7-4A79-A4D8-53C312C91BAA}.Debug|Any CPU.ActiveCfg = Debug|Any CPU
		{57E24C71-E4B7-4A79-A4D8-53C312C91BAA}.Debug|Any CPU.Build.0 = Debug|Any CPU
		{57E24C71-E4B7-4A79-A4D8-53C312C91BAA}.Release|Any CPU.ActiveCfg = Release|Any CPU
		{57E24C71-E4B7-4A79-A4D8-53C312C91BAA}.Release|Any CPU.Build.0 = Release|Any CPU
		{279D71E0-5483-41FF-9C8C-616A4E78C98B}.Debug|Any CPU.ActiveCfg = Debug|Any CPU
		{279D71E0-5483-41FF-9C8C-616A4E78C98B}.Debug|Any CPU.Build.0 = Debug|Any CPU
		{279D71E0-5483-41FF-9C8C-616A4E78C98B}.Release|Any CPU.ActiveCfg = Release|Any CPU
		{279D71E0-5483-41FF-9C8C-616A4E78C98B}.Release|Any CPU.Build.0 = Release|Any CPU
		{7E038636-C1A0-44E0-9B33-C91AFAD7B4CE}.Debug|Any CPU.ActiveCfg = Debug|Any CPU
		{7E038636-C1A0-44E0-9B33-C91AFAD7B4CE}.Debug|Any CPU.Build.0 = Debug|Any CPU
		{7E038636-C1A0-44E0-9B33-C91AFAD7B4CE}.Release|Any CPU.ActiveCfg = Release|Any CPU
		{7E038636-C1A0-44E0-9B33-C91AFAD7B4CE}.Release|Any CPU.Build.0 = Release|Any CPU
	EndGlobalSection
	GlobalSection(SolutionProperties) = preSolution
		HideSolutionNode = FALSE
	EndGlobalSection
EndGlobal
