
Microsoft Visual Studio Solution File, Format Version 12.00
# Visual Studio Version 17
VisualStudioVersion = 17.12.35707.178
MinimumVisualStudioVersion = 10.0.40219.1
Project("{FAE04EC0-301F-11D3-BF4B-00C04F79EFBC}") = "RecipeManager.Api", "RecipeManager.Api\RecipeManager.Api.csproj", "{039B8DC3-127B-4F1E-9C0D-17C603E0230C}"
EndProject
Project("{FAE04EC0-301F-11D3-BF4B-00C04F79EFBC}") = "RecipeManager.Application", "RecipeManager.Application\RecipeManager.Application.csproj", "{7A9B5738-4BB4-4653-8B85-AFCDE99F3804}"
EndProject
Project("{FAE04EC0-301F-11D3-BF4B-00C04F79EFBC}") = "RecipeManager.Infrastructure", "RecipeManager.Infrastructure\RecipeManager.Infrastructure.csproj", "{E9205A6B-3703-4289-AB43-66BE8A40C6F5}"
EndProject
Project("{FAE04EC0-301F-11D3-BF4B-00C04F79EFBC}") = "RecipeManager.Domain", "RecipeManager.Domain\RecipeManager.Domain.csproj", "{57E24C71-E4B7-4A79-A4D8-53C312C91BAA}"
EndProject
Project("{FAE04EC0-301F-11D3-BF4B-00C04F79EFBC}") = "RecipeManager.Api.Tests", "RecipeManager.Api.Tests\RecipeManager.Api.Tests.csproj", "{5512E4F7-4E2D-44F5-ADF2-82C24FCD90B4}"
EndProject
Project("{FAE04EC0-301F-11D3-BF4B-00C04F79EFBC}") = "RecipeManager.Application.Tests", "RecipeManager.Application.Tests\RecipeManager.Application.Tests.csproj", "{1A64C700-C0BF-47D1-89AC-B690637C8B70}"
EndProject
Project("{FAE04EC0-301F-11D3-BF4B-00C04F79EFBC}") = "RecipeManager.Domain.Tests", "RecipeManager.Domain.Tests\RecipeManager.Domain.Tests.csproj", "{F99424EB-2FCD-42CF-B4C3-4B9C2A21D3FC}"
EndProject
Project("{FAE04EC0-301F-11D3-BF4B-00C04F79EFBC}") = "RecipeManager.Infrastructure.Tests", "RecipeManager.Infrastructure.Tests\RecipeManager.Infrastructure.Tests.csproj", "{E4887706-645E-4077-A1B8-1EB890BF324C}"
EndProject
Global
	GlobalSection(SolutionConfigurationPlatforms) = preSolution
		Debug|Any CPU = Debug|Any CPU
		Release|Any CPU = Release|Any CPU
	EndGlobalSection
	GlobalSection(ProjectConfigurationPlatforms) = postSolution
		{039B8DC3-127B-4F1E-9C0D-17C603E0230C}.Debug|Any CPU.ActiveCfg = Debug|Any CPU
		{039B8DC3-127B-4F1E-9C0D-17C603E0230C}.Debug|Any CPU.Build.0 = Debug|Any CPU
		{039B8DC3-127B-4F1E-9C0D-17C603E0230C}.Release|Any CPU.ActiveCfg = Release|Any CPU
		{039B8DC3-127B-4F1E-9C0D-17C603E0230C}.Release|Any CPU.Build.0 = Release|Any CPU
		{7A9B5738-4BB4-4653-8B85-AFCDE99F3804}.Debug|Any CPU.ActiveCfg = Debug|Any CPU
		{7A9B5738-4BB4-4653-8B85-AFCDE99F3804}.Debug|Any CPU.Build.0 = Debug|Any CPU
		{7A9B5738-4BB4-4653-8B85-AFCDE99F3804}.Release|Any CPU.ActiveCfg = Release|Any CPU
		{7A9B5738-4BB4-4653-8B85-AFCDE99F3804}.Release|Any CPU.Build.0 = Release|Any CPU
		{E9205A6B-3703-4289-AB43-66BE8A40C6F5}.Debug|Any CPU.ActiveCfg = Debug|Any CPU
		{E9205A6B-3703-4289-AB43-66BE8A40C6F5}.Debug|Any CPU.Build.0 = Debug|Any CPU
		{E9205A6B-3703-4289-AB43-66BE8A40C6F5}.Release|Any CPU.ActiveCfg = Release|Any CPU
		{E9205A6B-3703-4289-AB43-66BE8A40C6F5}.Release|Any CPU.Build.0 = Release|Any CPU
		{57E24C71-E4B7-4A79-A4D8-53C312C91BAA}.Debug|Any CPU.ActiveCfg = Debug|Any CPU
		{57E24C71-E4B7-4A79-A4D8-53C312C91BAA}.Debug|Any CPU.Build.0 = Debug|Any CPU
		{57E24C71-E4B7-4A79-A4D8-53C312C91BAA}.Release|Any CPU.ActiveCfg = Release|Any CPU
		{57E24C71-E4B7-4A79-A4D8-53C312C91BAA}.Release|Any CPU.Build.0 = Release|Any CPU
		{5512E4F7-4E2D-44F5-ADF2-82C24FCD90B4}.Debug|Any CPU.ActiveCfg = Debug|Any CPU
		{5512E4F7-4E2D-44F5-ADF2-82C24FCD90B4}.Debug|Any CPU.Build.0 = Debug|Any CPU
		{5512E4F7-4E2D-44F5-ADF2-82C24FCD90B4}.Release|Any CPU.ActiveCfg = Release|Any CPU
		{5512E4F7-4E2D-44F5-ADF2-82C24FCD90B4}.Release|Any CPU.Build.0 = Release|Any CPU
		{1A64C700-C0BF-47D1-89AC-B690637C8B70}.Debug|Any CPU.ActiveCfg = Debug|Any CPU
		{1A64C700-C0BF-47D1-89AC-B690637C8B70}.Debug|Any CPU.Build.0 = Debug|Any CPU
		{1A64C700-C0BF-47D1-89AC-B690637C8B70}.Release|Any CPU.ActiveCfg = Release|Any CPU
		{1A64C700-C0BF-47D1-89AC-B690637C8B70}.Release|Any CPU.Build.0 = Release|Any CPU
		{F99424EB-2FCD-42CF-B4C3-4B9C2A21D3FC}.Debug|Any CPU.ActiveCfg = Debug|Any CPU
		{F99424EB-2FCD-42CF-B4C3-4B9C2A21D3FC}.Debug|Any CPU.Build.0 = Debug|Any CPU
		{F99424EB-2FCD-42CF-B4C3-4B9C2A21D3FC}.Release|Any CPU.ActiveCfg = Release|Any CPU
		{F99424EB-2FCD-42CF-B4C3-4B9C2A21D3FC}.Release|Any CPU.Build.0 = Release|Any CPU
		{E4887706-645E-4077-A1B8-1EB890BF324C}.Debug|Any CPU.ActiveCfg = Debug|Any CPU
		{E4887706-645E-4077-A1B8-1EB890BF324C}.Debug|Any CPU.Build.0 = Debug|Any CPU
		{E4887706-645E-4077-A1B8-1EB890BF324C}.Release|Any CPU.ActiveCfg = Release|Any CPU
		{E4887706-645E-4077-A1B8-1EB890BF324C}.Release|Any CPU.Build.0 = Release|Any CPU
	EndGlobalSection
	GlobalSection(SolutionProperties) = preSolution
		HideSolutionNode = FALSE
	EndGlobalSection
EndGlobal
